{
  "name": "ts-project",
  "version": "1.0.0",
  "lockfileVersion": 3,
  "requires": true,
  "packages": {
    "": {
      "name": "ts-project",
      "version": "1.0.0",
      "license": "ISC",
      "dependencies": {
        "@heroiclabs/nakama-js": "^2.6.1",
        "nakama-runtime": "github:heroiclabs/nakama-common",
        "typescript": "^5.1.6"
      },
      "devDependencies": {
        "@types/node": "^20.4.5"
      }
    },
    "node_modules/@heroiclabs/nakama-js": {
      "version": "2.6.1",
      "resolved": "https://registry.npmjs.org/@heroiclabs/nakama-js/-/nakama-js-2.6.1.tgz",
      "integrity": "sha512-akuHr42rUdKGli0un6+ok7HDC2KarHs3lGRF1pIn5Mc7ALRZ46Cnx0kRX7jqj4mj5FuMD5wBtIY8CEcJGP+Oaw==",
      "dependencies": {
        "@scarf/scarf": "^1.1.1",
        "base64-arraybuffer": "^1.0.2",
        "js-base64": "^3.7.4",
        "whatwg-fetch": "^3.6.2"
      }
    },
    "node_modules/@scarf/scarf": {
      "version": "1.1.1",
      "resolved": "https://registry.npmjs.org/@scarf/scarf/-/scarf-1.1.1.tgz",
      "integrity": "sha512-VGbKDbk1RFIaSmdVb0cNjjWJoRWRI/Weo23AjRCC2nryO0iAS8pzsToJfPVPtVs74WHw4L1UTADNdIYRLkirZQ==",
      "hasInstallScript": true
    },
    "node_modules/@types/node": {
      "version": "20.4.5",
      "resolved": "https://registry.npmjs.org/@types/node/-/node-20.4.5.tgz",
      "integrity": "sha512-rt40Nk13II9JwQBdeYqmbn2Q6IVTA5uPhvSO+JVqdXw/6/4glI6oR9ezty/A9Hg5u7JH4OmYmuQ+XvjKm0Datg==",
      "dev": true
    },
    "node_modules/base64-arraybuffer": {
      "version": "1.0.2",
      "resolved": "https://registry.npmjs.org/base64-arraybuffer/-/base64-arraybuffer-1.0.2.tgz",
      "integrity": "sha512-I3yl4r9QB5ZRY3XuJVEPfc2XhZO6YweFPI+UovAzn+8/hb3oJ6lnysaFcjVpkCPfVWFUDvoZ8kmVDP7WyRtYtQ==",
      "engines": {
        "node": ">= 0.6.0"
      }
    },
    "node_modules/js-base64": {
      "version": "3.7.5",
      "resolved": "https://registry.npmjs.org/js-base64/-/js-base64-3.7.5.tgz",
      "integrity": "sha512-3MEt5DTINKqfScXKfJFrRbxkrnk2AxPWGBL/ycjz4dK8iqiSJ06UxD8jh8xuh6p10TX4t2+7FsBYVxxQbMg+qA=="
    },
    "node_modules/nakama-runtime": {
      "version": "1.28.0",
      "resolved": "git+ssh://git@github.com/heroiclabs/nakama-common.git#90c21813fbf5b7e29e68a3926749ff17bc83ce94",
      "license": "Apache-2.0"
    },
    "node_modules/typescript": {
      "version": "5.1.6",
      "resolved": "https://registry.npmjs.org/typescript/-/typescript-5.1.6.tgz",
      "integrity": "sha512-zaWCozRZ6DLEWAWFrVDz1H6FVXzUSfTy5FUMWsQlU8Ym5JP9eO4xkTIROFCQvhQf61z6O/G6ugw3SgAnvvm+HA==",
      "bin": {
        "tsc": "bin/tsc",
        "tsserver": "bin/tsserver"
      },
      "engines": {
        "node": ">=14.17"
      }
    },
    "node_modules/whatwg-fetch": {
      "version": "3.6.17",
      "resolved": "https://registry.npmjs.org/whatwg-fetch/-/whatwg-fetch-3.6.17.tgz",
      "integrity": "sha512-c4ghIvG6th0eudYwKZY5keb81wtFz9/WeAHAoy8+r18kcWlitUIrmGFQ2rWEl4UCKUilD3zCLHOIPheHx5ypRQ=="
    }
  }
}
